
Microsoft Visual Studio Solution File, Format Version 12.00
# Visual Studio Version 18
VisualStudioVersion = 18.0.11018.127 d18.0
MinimumVisualStudioVersion = 10.0.40219.1
Project("{FAE04EC0-301F-11D3-BF4B-00C04F79EFBC}") = "MIXERX.UI", "src\MIXERX.UI\MIXERX.UI.csproj", "{A1B2C3D4-E5F6-7890-ABCD-EF1234567890}"
EndProject
Project("{FAE04EC0-301F-11D3-BF4B-00C04F79EFBC}") = "MIXERX.Tests", "tests\MIXERX.Tests\MIXERX.Tests.csproj", "{BC686DD5-5666-46BA-BFDF-54015662ADD0}"
EndProject
Project("{FAE04EC0-301F-11D3-BF4B-00C04F79EFBC}") = "MIXERX.MAUI1", "src\MIXERX.MAUI1\MIXERX.MAUI1.csproj", "{93C09833-2C1A-4CF9-B008-2A764752BAD7}"
EndProject
Project("{FAE04EC0-301F-11D3-BF4B-00C04F79EFBC}") = "MIXERX.Infrastructure", "src\MIXERX.Infrastructure\MIXERX.Infrastructure.csproj", "{C9B84D7D-5DA5-4D5A-B88F-9BFF03B5566E}"
EndProject
Project("{FAE04EC0-301F-11D3-BF4B-00C04F79EFBC}") = "MIXERX.Application", "src\MIXERX.Application\MIXERX.Application.csproj", "{27617690-B444-4E71-A051-8373E5955C63}"
EndProject
Project("{FAE04EC0-301F-11D3-BF4B-00C04F79EFBC}") = "MIXERX.App", "src\MIXERX.App\MIXERX.App.csproj", "{EEEE3DFE-27C9-5C8B-2361-8149CC2543AF}"
EndProject
Project("{FAE04EC0-301F-11D3-BF4B-00C04F79EFBC}") = "MIXERX.MAUI", "src\MIXERX.MAUI\MIXERX.MAUI.csproj", "{BC67157E-F18D-4DE1-B863-CFFD9DDDA016}"
EndProject
Project("{FAE04EC0-301F-11D3-BF4B-00C04F79EFBC}") = "MIXERX.Core", "src\MIXERX.Core\MIXERX.Core.csproj", "{4128096E-8D6E-4DAB-BD0D-2552BADBB1D5}"
EndProject
Project("{FAE04EC0-301F-11D3-BF4B-00C04F79EFBC}") = "MIXERX.MAUI2", "src\MIXERX.MAUI2\MIXERX.MAUI2.csproj", "{0B0F001E-752E-9708-558F-6BD8731ACB7E}"
EndProject
Global
	GlobalSection(SolutionConfigurationPlatforms) = preSolution
		Debug|Any CPU = Debug|Any CPU
		Debug|x64 = Debug|x64
		Debug|x86 = Debug|x86
		Release|Any CPU = Release|Any CPU
		Release|x64 = Release|x64
		Release|x86 = Release|x86
	EndGlobalSection
	GlobalSection(ProjectConfigurationPlatforms) = postSolution
		{A1B2C3D4-E5F6-7890-ABCD-EF1234567890}.Debug|Any CPU.ActiveCfg = Debug|Any CPU
		{A1B2C3D4-E5F6-7890-ABCD-EF1234567890}.Debug|x64.ActiveCfg = Debug|Any CPU
		{A1B2C3D4-E5F6-7890-ABCD-EF1234567890}.Debug|x64.Build.0 = Debug|Any CPU
		{A1B2C3D4-E5F6-7890-ABCD-EF1234567890}.Debug|x86.ActiveCfg = Debug|Any CPU
		{A1B2C3D4-E5F6-7890-ABCD-EF1234567890}.Debug|x86.Build.0 = Debug|Any CPU
		{A1B2C3D4-E5F6-7890-ABCD-EF1234567890}.Release|Any CPU.ActiveCfg = Release|Any CPU
		{A1B2C3D4-E5F6-7890-ABCD-EF1234567890}.Release|Any CPU.Build.0 = Release|Any CPU
		{A1B2C3D4-E5F6-7890-ABCD-EF1234567890}.Release|x64.ActiveCfg = Release|Any CPU
		{A1B2C3D4-E5F6-7890-ABCD-EF1234567890}.Release|x64.Build.0 = Release|Any CPU
		{A1B2C3D4-E5F6-7890-ABCD-EF1234567890}.Release|x86.ActiveCfg = Release|Any CPU
		{A1B2C3D4-E5F6-7890-ABCD-EF1234567890}.Release|x86.Build.0 = Release|Any CPU
		{BC686DD5-5666-46BA-BFDF-54015662ADD0}.Debug|Any CPU.ActiveCfg = Debug|Any CPU
		{BC686DD5-5666-46BA-BFDF-54015662ADD0}.Debug|x64.ActiveCfg = Debug|Any CPU
		{BC686DD5-5666-46BA-BFDF-54015662ADD0}.Debug|x64.Build.0 = Debug|Any CPU
		{BC686DD5-5666-46BA-BFDF-54015662ADD0}.Debug|x86.ActiveCfg = Debug|Any CPU
		{BC686DD5-5666-46BA-BFDF-54015662ADD0}.Debug|x86.Build.0 = Debug|Any CPU
		{BC686DD5-5666-46BA-BFDF-54015662ADD0}.Release|Any CPU.ActiveCfg = Release|Any CPU
		{BC686DD5-5666-46BA-BFDF-54015662ADD0}.Release|Any CPU.Build.0 = Release|Any CPU
		{BC686DD5-5666-46BA-BFDF-54015662ADD0}.Release|x64.ActiveCfg = Release|Any CPU
		{BC686DD5-5666-46BA-BFDF-54015662ADD0}.Release|x64.Build.0 = Release|Any CPU
		{BC686DD5-5666-46BA-BFDF-54015662ADD0}.Release|x86.ActiveCfg = Release|Any CPU
		{BC686DD5-5666-46BA-BFDF-54015662ADD0}.Release|x86.Build.0 = Release|Any CPU
		{93C09833-2C1A-4CF9-B008-2A764752BAD7}.Debug|Any CPU.ActiveCfg = Debug|Any CPU
		{93C09833-2C1A-4CF9-B008-2A764752BAD7}.Debug|Any CPU.Build.0 = Debug|Any CPU
		{93C09833-2C1A-4CF9-B008-2A764752BAD7}.Debug|x64.ActiveCfg = Debug|Any CPU
		{93C09833-2C1A-4CF9-B008-2A764752BAD7}.Debug|x64.Build.0 = Debug|Any CPU
		{93C09833-2C1A-4CF9-B008-2A764752BAD7}.Debug|x86.ActiveCfg = Debug|Any CPU
		{93C09833-2C1A-4CF9-B008-2A764752BAD7}.Debug|x86.Build.0 = Debug|Any CPU
		{93C09833-2C1A-4CF9-B008-2A764752BAD7}.Release|Any CPU.ActiveCfg = Release|Any CPU
		{93C09833-2C1A-4CF9-B008-2A764752BAD7}.Release|Any CPU.Build.0 = Release|Any CPU
		{93C09833-2C1A-4CF9-B008-2A764752BAD7}.Release|x64.ActiveCfg = Release|Any CPU
		{93C09833-2C1A-4CF9-B008-2A764752BAD7}.Release|x64.Build.0 = Release|Any CPU
		{93C09833-2C1A-4CF9-B008-2A764752BAD7}.Release|x86.ActiveCfg = Release|Any CPU
		{93C09833-2C1A-4CF9-B008-2A764752BAD7}.Release|x86.Build.0 = Release|Any CPU
		{C9B84D7D-5DA5-4D5A-B88F-9BFF03B5566E}.Debug|Any CPU.ActiveCfg = Debug|Any CPU
		{C9B84D7D-5DA5-4D5A-B88F-9BFF03B5566E}.Debug|Any CPU.Build.0 = Debug|Any CPU
		{C9B84D7D-5DA5-4D5A-B88F-9BFF03B5566E}.Debug|x64.ActiveCfg = Debug|Any CPU
		{C9B84D7D-5DA5-4D5A-B88F-9BFF03B5566E}.Debug|x64.Build.0 = Debug|Any CPU
		{C9B84D7D-5DA5-4D5A-B88F-9BFF03B5566E}.Debug|x86.ActiveCfg = Debug|Any CPU
		{C9B84D7D-5DA5-4D5A-B88F-9BFF03B5566E}.Debug|x86.Build.0 = Debug|Any CPU
		{C9B84D7D-5DA5-4D5A-B88F-9BFF03B5566E}.Release|Any CPU.ActiveCfg = Release|Any CPU
		{C9B84D7D-5DA5-4D5A-B88F-9BFF03B5566E}.Release|Any CPU.Build.0 = Release|Any CPU
		{C9B84D7D-5DA5-4D5A-B88F-9BFF03B5566E}.Release|x64.ActiveCfg = Release|Any CPU
		{C9B84D7D-5DA5-4D5A-B88F-9BFF03B5566E}.Release|x64.Build.0 = Release|Any CPU
		{C9B84D7D-5DA5-4D5A-B88F-9BFF03B5566E}.Release|x86.ActiveCfg = Release|Any CPU
		{C9B84D7D-5DA5-4D5A-B88F-9BFF03B5566E}.Release|x86.Build.0 = Release|Any CPU
		{27617690-B444-4E71-A051-8373E5955C63}.Debug|Any CPU.ActiveCfg = Debug|Any CPU
		{27617690-B444-4E71-A051-8373E5955C63}.Debug|Any CPU.Build.0 = Debug|Any CPU
		{27617690-B444-4E71-A051-8373E5955C63}.Debug|x64.ActiveCfg = Debug|Any CPU
		{27617690-B444-4E71-A051-8373E5955C63}.Debug|x64.Build.0 = Debug|Any CPU
		{27617690-B444-4E71-A051-8373E5955C63}.Debug|x86.ActiveCfg = Debug|Any CPU
		{27617690-B444-4E71-A051-8373E5955C63}.Debug|x86.Build.0 = Debug|Any CPU
		{27617690-B444-4E71-A051-8373E5955C63}.Release|Any CPU.ActiveCfg = Release|Any CPU
		{27617690-B444-4E71-A051-8373E5955C63}.Release|Any CPU.Build.0 = Release|Any CPU
		{27617690-B444-4E71-A051-8373E5955C63}.Release|x64.ActiveCfg = Release|Any CPU
		{27617690-B444-4E71-A051-8373E5955C63}.Release|x64.Build.0 = Release|Any CPU
		{27617690-B444-4E71-A051-8373E5955C63}.Release|x86.ActiveCfg = Release|Any CPU
		{27617690-B444-4E71-A051-8373E5955C63}.Release|x86.Build.0 = Release|Any CPU
		{EEEE3DFE-27C9-5C8B-2361-8149CC2543AF}.Debug|Any CPU.ActiveCfg = Debug|Any CPU
		{EEEE3DFE-27C9-5C8B-2361-8149CC2543AF}.Debug|Any CPU.Build.0 = Debug|Any CPU
		{EEEE3DFE-27C9-5C8B-2361-8149CC2543AF}.Debug|Any CPU.Deploy.0 = Debug|Any CPU
		{EEEE3DFE-27C9-5C8B-2361-8149CC2543AF}.Debug|x64.ActiveCfg = Debug|Any CPU
		{EEEE3DFE-27C9-5C8B-2361-8149CC2543AF}.Debug|x64.Build.0 = Debug|Any CPU
		{EEEE3DFE-27C9-5C8B-2361-8149CC2543AF}.Debug|x86.ActiveCfg = Debug|Any CPU
		{EEEE3DFE-27C9-5C8B-2361-8149CC2543AF}.Debug|x86.Build.0 = Debug|Any CPU
		{EEEE3DFE-27C9-5C8B-2361-8149CC2543AF}.Release|Any CPU.ActiveCfg = Release|Any CPU
		{EEEE3DFE-27C9-5C8B-2361-8149CC2543AF}.Release|Any CPU.Build.0 = Release|Any CPU
		{EEEE3DFE-27C9-5C8B-2361-8149CC2543AF}.Release|x64.ActiveCfg = Release|Any CPU
		{EEEE3DFE-27C9-5C8B-2361-8149CC2543AF}.Release|x64.Build.0 = Release|Any CPU
		{EEEE3DFE-27C9-5C8B-2361-8149CC2543AF}.Release|x86.ActiveCfg = Release|Any CPU
		{EEEE3DFE-27C9-5C8B-2361-8149CC2543AF}.Release|x86.Build.0 = Release|Any CPU
		{BC67157E-F18D-4DE1-B863-CFFD9DDDA016}.Debug|Any CPU.ActiveCfg = Debug|Any CPU
		{BC67157E-F18D-4DE1-B863-CFFD9DDDA016}.Debug|Any CPU.Build.0 = Debug|Any CPU
		{BC67157E-F18D-4DE1-B863-CFFD9DDDA016}.Debug|x64.ActiveCfg = Debug|Any CPU
		{BC67157E-F18D-4DE1-B863-CFFD9DDDA016}.Debug|x64.Build.0 = Debug|Any CPU
		{BC67157E-F18D-4DE1-B863-CFFD9DDDA016}.Debug|x86.ActiveCfg = Debug|Any CPU
		{BC67157E-F18D-4DE1-B863-CFFD9DDDA016}.Debug|x86.Build.0 = Debug|Any CPU
		{BC67157E-F18D-4DE1-B863-CFFD9DDDA016}.Release|Any CPU.ActiveCfg = Release|Any CPU
		{BC67157E-F18D-4DE1-B863-CFFD9DDDA016}.Release|Any CPU.Build.0 = Release|Any CPU
		{BC67157E-F18D-4DE1-B863-CFFD9DDDA016}.Release|x64.ActiveCfg = Release|Any CPU
		{BC67157E-F18D-4DE1-B863-CFFD9DDDA016}.Release|x64.Build.0 = Release|Any CPU
		{BC67157E-F18D-4DE1-B863-CFFD9DDDA016}.Release|x86.ActiveCfg = Release|Any CPU
		{BC67157E-F18D-4DE1-B863-CFFD9DDDA016}.Release|x86.Build.0 = Release|Any CPU
		{4128096E-8D6E-4DAB-BD0D-2552BADBB1D5}.Debug|Any CPU.ActiveCfg = Debug|Any CPU
		{4128096E-8D6E-4DAB-BD0D-2552BADBB1D5}.Debug|Any CPU.Build.0 = Debug|Any CPU
		{4128096E-8D6E-4DAB-BD0D-2552BADBB1D5}.Debug|x64.ActiveCfg = Debug|Any CPU
		{4128096E-8D6E-4DAB-BD0D-2552BADBB1D5}.Debug|x64.Build.0 = Debug|Any CPU
		{4128096E-8D6E-4DAB-BD0D-2552BADBB1D5}.Debug|x86.ActiveCfg = Debug|Any CPU
		{4128096E-8D6E-4DAB-BD0D-2552BADBB1D5}.Debug|x86.Build.0 = Debug|Any CPU
		{4128096E-8D6E-4DAB-BD0D-2552BADBB1D5}.Release|Any CPU.ActiveCfg = Release|Any CPU
		{4128096E-8D6E-4DAB-BD0D-2552BADBB1D5}.Release|Any CPU.Build.0 = Release|Any CPU
		{4128096E-8D6E-4DAB-BD0D-2552BADBB1D5}.Release|x64.ActiveCfg = Release|Any CPU
		{4128096E-8D6E-4DAB-BD0D-2552BADBB1D5}.Release|x64.Build.0 = Release|Any CPU
		{4128096E-8D6E-4DAB-BD0D-2552BADBB1D5}.Release|x86.ActiveCfg = Release|Any CPU
		{4128096E-8D6E-4DAB-BD0D-2552BADBB1D5}.Release|x86.Build.0 = Release|Any CPU
		{0B0F001E-752E-9708-558F-6BD8731ACB7E}.Debug|Any CPU.ActiveCfg = Debug|Any CPU
		{0B0F001E-752E-9708-558F-6BD8731ACB7E}.Debug|Any CPU.Build.0 = Debug|Any CPU
		{0B0F001E-752E-9708-558F-6BD8731ACB7E}.Debug|x64.ActiveCfg = Debug|Any CPU
		{0B0F001E-752E-9708-558F-6BD8731ACB7E}.Debug|x64.Build.0 = Debug|Any CPU
		{0B0F001E-752E-9708-558F-6BD8731ACB7E}.Debug|x86.ActiveCfg = Debug|Any CPU
		{0B0F001E-752E-9708-558F-6BD8731ACB7E}.Debug|x86.Build.0 = Debug|Any CPU
		{0B0F001E-752E-9708-558F-6BD8731ACB7E}.Release|Any CPU.ActiveCfg = Release|Any CPU
		{0B0F001E-752E-9708-558F-6BD8731ACB7E}.Release|Any CPU.Build.0 = Release|Any CPU
		{0B0F001E-752E-9708-558F-6BD8731ACB7E}.Release|x64.ActiveCfg = Release|Any CPU
		{0B0F001E-752E-9708-558F-6BD8731ACB7E}.Release|x64.Build.0 = Release|Any CPU
		{0B0F001E-752E-9708-558F-6BD8731ACB7E}.Release|x86.ActiveCfg = Release|Any CPU
		{0B0F001E-752E-9708-558F-6BD8731ACB7E}.Release|x86.Build.0 = Release|Any CPU
	EndGlobalSection
	GlobalSection(SolutionProperties) = preSolution
		HideSolutionNode = FALSE
	EndGlobalSection
	GlobalSection(ExtensibilityGlobals) = postSolution
		SolutionGuid = {E7847778-4B3F-4B18-ACAE-CF14B88C4545}
	EndGlobalSection
EndGlobal
